PODS:
  - Expecta (0.4.0)
  - Specta (0.2.1)
  - UIAlertControllerConvenienceAPI (0.2.0)

DEPENDENCIES:
  - Expecta
  - Specta (~> 0.2.1)
  - UIAlertControllerConvenienceAPI (from `../`)

EXTERNAL SOURCES:
  UIAlertControllerConvenienceAPI:
    :path: "../"

SPEC CHECKSUMS:
  Expecta: 392a6b5bfb9f4097e47dd8064d9b732079490332
  Specta: 15a276a6343867b426d5ed135d5aa4d04123a573
  UIAlertControllerConvenienceAPI: 4859b6d7e6550fa1c0e751a9ab1b021a8a25730c

COCOAPODS: 0.36.3
